
Microsoft Visual Studio Solution File, Format Version 12.00
# Visual Studio Version 16
VisualStudioVersion = 16.0.29613.14
MinimumVisualStudioVersion = 10.0.40219.1
Project("{FAE04EC0-301F-11D3-BF4B-00C04F79EFBC}") = "APIDEMO", "APIDEMO\APIDEMO.csproj", "{A517A01C-4BF9-415C-89B0-C24670EECBF5}"
EndProject
Global
	GlobalSection(SolutionConfigurationPlatforms) = preSolution
		Debug|Any CPU = Debug|Any CPU
		Release|Any CPU = Release|Any CPU
	EndGlobalSection
	GlobalSection(ProjectConfigurationPlatforms) = postSolution
		{A517A01C-4BF9-415C-89B0-C24670EECBF5}.Debug|Any CPU.ActiveCfg = Debug|Any CPU
		{A517A01C-4BF9-415C-89B0-C24670EECBF5}.Debug|Any CPU.Build.0 = Debug|Any CPU
		{A517A01C-4BF9-415C-89B0-C24670EECBF5}.Release|Any CPU.ActiveCfg = Release|Any CPU
		{A517A01C-4BF9-415C-89B0-C24670EECBF5}.Release|Any CPU.Build.0 = Release|Any CPU
	EndGlobalSection
	GlobalSection(SolutionProperties) = preSolution
		HideSolutionNode = FALSE
	EndGlobalSection
	GlobalSection(ExtensibilityGlobals) = postSolution
		SolutionGuid = {063B4FE2-AF44-4DB3-A855-CE3CB98F170D}
	EndGlobalSection
EndGlobal
