
Microsoft Visual Studio Solution File, Format Version 12.00
# Visual Studio Version 16
VisualStudioVersion = 16.0.29613.14
MinimumVisualStudioVersion = 10.0.40219.1
Project("{FAE04EC0-301F-11D3-BF4B-00C04F79EFBC}") = "MyFirstAPI", "MyFirstAPI\MyFirstAPI.csproj", "{0EF0A5A3-F214-46D9-96BF-4740F3A686A2}"
EndProject
Global
	GlobalSection(SolutionConfigurationPlatforms) = preSolution
		Debug|Any CPU = Debug|Any CPU
		Release|Any CPU = Release|Any CPU
	EndGlobalSection
	GlobalSection(ProjectConfigurationPlatforms) = postSolution
		{0EF0A5A3-F214-46D9-96BF-4740F3A686A2}.Debug|Any CPU.ActiveCfg = Debug|Any CPU
		{0EF0A5A3-F214-46D9-96BF-4740F3A686A2}.Debug|Any CPU.Build.0 = Debug|Any CPU
		{0EF0A5A3-F214-46D9-96BF-4740F3A686A2}.Release|Any CPU.ActiveCfg = Release|Any CPU
		{0EF0A5A3-F214-46D9-96BF-4740F3A686A2}.Release|Any CPU.Build.0 = Release|Any CPU
	EndGlobalSection
	GlobalSection(SolutionProperties) = preSolution
		HideSolutionNode = FALSE
	EndGlobalSection
	GlobalSection(ExtensibilityGlobals) = postSolution
		SolutionGuid = {51B4908F-5C56-4B3C-ABD4-1D67BCA1618C}
	EndGlobalSection
EndGlobal
