
Microsoft Visual Studio Solution File, Format Version 12.00
# Visual Studio Version 16
VisualStudioVersion = 16.0.29613.14
MinimumVisualStudioVersion = 10.0.40219.1
Project("{9A19103F-16F7-4668-BE54-9A1E7A4F7556}") = "ItemService", "ItemService\ItemService.csproj", "{17A83517-5CDA-48D4-948E-3CFFE6890F19}"
EndProject
Project("{9A19103F-16F7-4668-BE54-9A1E7A4F7556}") = "OrderService", "OrderService\OrderService.csproj", "{E76D556C-C460-4908-82B1-981296568C73}"
EndProject
Project("{9A19103F-16F7-4668-BE54-9A1E7A4F7556}") = "GateWay", "GateWay\GateWay.csproj", "{B67C939B-5D77-454F-A327-05A5493D6D6F}"
EndProject
Project("{9A19103F-16F7-4668-BE54-9A1E7A4F7556}") = "AccountService", "AccountService\AccountService.csproj", "{59F4C381-74B9-44B9-852B-C24AD7DBE1D8}"
EndProject
Project("{9A19103F-16F7-4668-BE54-9A1E7A4F7556}") = "NUnitTestProject2", "NUnitTestProject2\NUnitTestProject2.csproj", "{99D45AF3-AE4E-450C-876A-58F30615AEE2}"
EndProject
Project("{FAE04EC0-301F-11D3-BF4B-00C04F79EFBC}") = "TestProject1", "TestProject1\TestProject1.csproj", "{D9531407-E1B1-4561-B143-18951612F673}"
EndProject
Global
	GlobalSection(SolutionConfigurationPlatforms) = preSolution
		Debug|Any CPU = Debug|Any CPU
		Release|Any CPU = Release|Any CPU
	EndGlobalSection
	GlobalSection(ProjectConfigurationPlatforms) = postSolution
		{17A83517-5CDA-48D4-948E-3CFFE6890F19}.Debug|Any CPU.ActiveCfg = Debug|Any CPU
		{17A83517-5CDA-48D4-948E-3CFFE6890F19}.Debug|Any CPU.Build.0 = Debug|Any CPU
		{17A83517-5CDA-48D4-948E-3CFFE6890F19}.Release|Any CPU.ActiveCfg = Release|Any CPU
		{17A83517-5CDA-48D4-948E-3CFFE6890F19}.Release|Any CPU.Build.0 = Release|Any CPU
		{E76D556C-C460-4908-82B1-981296568C73}.Debug|Any CPU.ActiveCfg = Debug|Any CPU
		{E76D556C-C460-4908-82B1-981296568C73}.Debug|Any CPU.Build.0 = Debug|Any CPU
		{E76D556C-C460-4908-82B1-981296568C73}.Release|Any CPU.ActiveCfg = Release|Any CPU
		{E76D556C-C460-4908-82B1-981296568C73}.Release|Any CPU.Build.0 = Release|Any CPU
		{B67C939B-5D77-454F-A327-05A5493D6D6F}.Debug|Any CPU.ActiveCfg = Debug|Any CPU
		{B67C939B-5D77-454F-A327-05A5493D6D6F}.Debug|Any CPU.Build.0 = Debug|Any CPU
		{B67C939B-5D77-454F-A327-05A5493D6D6F}.Release|Any CPU.ActiveCfg = Release|Any CPU
		{B67C939B-5D77-454F-A327-05A5493D6D6F}.Release|Any CPU.Build.0 = Release|Any CPU
		{59F4C381-74B9-44B9-852B-C24AD7DBE1D8}.Debug|Any CPU.ActiveCfg = Debug|Any CPU
		{59F4C381-74B9-44B9-852B-C24AD7DBE1D8}.Debug|Any CPU.Build.0 = Debug|Any CPU
		{59F4C381-74B9-44B9-852B-C24AD7DBE1D8}.Release|Any CPU.ActiveCfg = Release|Any CPU
		{59F4C381-74B9-44B9-852B-C24AD7DBE1D8}.Release|Any CPU.Build.0 = Release|Any CPU
		{99D45AF3-AE4E-450C-876A-58F30615AEE2}.Debug|Any CPU.ActiveCfg = Debug|Any CPU
		{99D45AF3-AE4E-450C-876A-58F30615AEE2}.Debug|Any CPU.Build.0 = Debug|Any CPU
		{99D45AF3-AE4E-450C-876A-58F30615AEE2}.Release|Any CPU.ActiveCfg = Release|Any CPU
		{99D45AF3-AE4E-450C-876A-58F30615AEE2}.Release|Any CPU.Build.0 = Release|Any CPU
		{D9531407-E1B1-4561-B143-18951612F673}.Debug|Any CPU.ActiveCfg = Debug|Any CPU
		{D9531407-E1B1-4561-B143-18951612F673}.Debug|Any CPU.Build.0 = Debug|Any CPU
		{D9531407-E1B1-4561-B143-18951612F673}.Release|Any CPU.ActiveCfg = Release|Any CPU
		{D9531407-E1B1-4561-B143-18951612F673}.Release|Any CPU.Build.0 = Release|Any CPU
	EndGlobalSection
	GlobalSection(SolutionProperties) = preSolution
		HideSolutionNode = FALSE
	EndGlobalSection
	GlobalSection(ExtensibilityGlobals) = postSolution
		SolutionGuid = {9EE3BD10-1D28-4352-A4B4-C11048C33F23}
	EndGlobalSection
EndGlobal
