
Microsoft Visual Studio Solution File, Format Version 12.00
# Visual Studio Version 16
VisualStudioVersion = 16.0.29509.3
MinimumVisualStudioVersion = 10.0.40219.1
Project("{FAE04EC0-301F-11D3-BF4B-00C04F79EFBC}") = "HandsOnConditionalStatments", "HandsOnConditionalStatments.csproj", "{D26AFFF1-5AE3-45AC-A76D-A63827FB5A6A}"
EndProject
Global
	GlobalSection(SolutionConfigurationPlatforms) = preSolution
		Debug|Any CPU = Debug|Any CPU
		Release|Any CPU = Release|Any CPU
	EndGlobalSection
	GlobalSection(ProjectConfigurationPlatforms) = postSolution
		{D26AFFF1-5AE3-45AC-A76D-A63827FB5A6A}.Debug|Any CPU.ActiveCfg = Debug|Any CPU
		{D26AFFF1-5AE3-45AC-A76D-A63827FB5A6A}.Debug|Any CPU.Build.0 = Debug|Any CPU
		{D26AFFF1-5AE3-45AC-A76D-A63827FB5A6A}.Release|Any CPU.ActiveCfg = Release|Any CPU
		{D26AFFF1-5AE3-45AC-A76D-A63827FB5A6A}.Release|Any CPU.Build.0 = Release|Any CPU
	EndGlobalSection
	GlobalSection(SolutionProperties) = preSolution
		HideSolutionNode = FALSE
	EndGlobalSection
	GlobalSection(ExtensibilityGlobals) = postSolution
		SolutionGuid = {5FCBCFDC-D99A-41FC-AA62-2FB69D580339}
	EndGlobalSection
EndGlobal
