
Microsoft Visual Studio Solution File, Format Version 12.00
# Visual Studio Version 16
VisualStudioVersion = 16.0.29613.14
MinimumVisualStudioVersion = 10.0.40219.1
Project("{FAE04EC0-301F-11D3-BF4B-00C04F79EFBC}") = "EFDAL", "EFDAL\EFDAL.csproj", "{01209F00-BAEE-46A3-B7B9-B2CB349EAB86}"
EndProject
Project("{FAE04EC0-301F-11D3-BF4B-00C04F79EFBC}") = "EMS_Client", "EMS_Client\EMS_Client.csproj", "{7899D892-7C2C-444C-8159-6B3AB32CC2F4}"
EndProject
Global
	GlobalSection(SolutionConfigurationPlatforms) = preSolution
		Debug|Any CPU = Debug|Any CPU
		Release|Any CPU = Release|Any CPU
	EndGlobalSection
	GlobalSection(ProjectConfigurationPlatforms) = postSolution
		{01209F00-BAEE-46A3-B7B9-B2CB349EAB86}.Debug|Any CPU.ActiveCfg = Debug|Any CPU
		{01209F00-BAEE-46A3-B7B9-B2CB349EAB86}.Debug|Any CPU.Build.0 = Debug|Any CPU
		{01209F00-BAEE-46A3-B7B9-B2CB349EAB86}.Release|Any CPU.ActiveCfg = Release|Any CPU
		{01209F00-BAEE-46A3-B7B9-B2CB349EAB86}.Release|Any CPU.Build.0 = Release|Any CPU
		{7899D892-7C2C-444C-8159-6B3AB32CC2F4}.Debug|Any CPU.ActiveCfg = Debug|Any CPU
		{7899D892-7C2C-444C-8159-6B3AB32CC2F4}.Debug|Any CPU.Build.0 = Debug|Any CPU
		{7899D892-7C2C-444C-8159-6B3AB32CC2F4}.Release|Any CPU.ActiveCfg = Release|Any CPU
		{7899D892-7C2C-444C-8159-6B3AB32CC2F4}.Release|Any CPU.Build.0 = Release|Any CPU
	EndGlobalSection
	GlobalSection(SolutionProperties) = preSolution
		HideSolutionNode = FALSE
	EndGlobalSection
	GlobalSection(ExtensibilityGlobals) = postSolution
		SolutionGuid = {56FA5FB5-6F54-46B3-9DED-6DF283761348}
	EndGlobalSection
EndGlobal
